// !$*UTF8*$!
{
	archiveVersion = 1;
	classes = {
	};
	objectVersion = 46;
	objects = {

/* Begin PBXBuildFile section */
		C798FB14141AA1D9007173B7 /* UIKit.framework in Frameworks */ = {isa = PBXBuildFile; fileRef = C798FB13141AA1D9007173B7 /* UIKit.framework */; };
		C798FB16141AA1D9007173B7 /* Foundation.framework in Frameworks */ = {isa = PBXBuildFile; fileRef = C798FB15141AA1D9007173B7 /* Foundation.framework */; };
		C798FB18141AA1D9007173B7 /* CoreGraphics.framework in Frameworks */ = {isa = PBXBuildFile; fileRef = C798FB17141AA1D9007173B7 /* CoreGraphics.framework */; };
		C798FB1E141AA1D9007173B7 /* InfoPlist.strings in Resources */ = {isa = PBXBuildFile; fileRef = C798FB1C141AA1D9007173B7 /* InfoPlist.strings */; };
		C798FB20141AA1D9007173B7 /* main.m in Sources */ = {isa = PBXBuildFile; fileRef = C798FB1F141AA1D9007173B7 /* main.m */; };
		C798FB24141AA1D9007173B7 /* DiffieHellmanAppDelegate.m in Sources */ = {isa = PBXBuildFile; fileRef = C798FB23141AA1D9007173B7 /* DiffieHellmanAppDelegate.m */; };
		C798FB27141AA1D9007173B7 /* MainWindow.xib in Resources */ = {isa = PBXBuildFile; fileRef = C798FB25141AA1D9007173B7 /* MainWindow.xib */; };
		C798FB2A141AA1D9007173B7 /* MainViewController.m in Sources */ = {isa = PBXBuildFile; fileRef = C798FB29141AA1D9007173B7 /* MainViewController.m */; };
		C798FB2C141AA1D9007173B7 /* MainView.xib in Resources */ = {isa = PBXBuildFile; fileRef = C798FB2B141AA1D9007173B7 /* MainView.xib */; };
		C798FB2F141AA1D9007173B7 /* FlipsideViewController.m in Sources */ = {isa = PBXBuildFile; fileRef = C798FB2E141AA1D9007173B7 /* FlipsideViewController.m */; };
		C798FB31141AA1D9007173B7 /* FlipsideView.xib in Resources */ = {isa = PBXBuildFile; fileRef = C798FB30141AA1D9007173B7 /* FlipsideView.xib */; };
		C798FB38141AA874007173B7 /* fribblesoftlogo.png in Resources */ = {isa = PBXBuildFile; fileRef = C798FB37141AA874007173B7 /* fribblesoftlogo.png */; };
		C798FB3A141AC337007173B7 /* refresh.png in Resources */ = {isa = PBXBuildFile; fileRef = C798FB39141AC337007173B7 /* refresh.png */; };
		C798FB43141ADF36007173B7 /* Icon-72.png in Resources */ = {isa = PBXBuildFile; fileRef = C798FB3C141ADF35007173B7 /* Icon-72.png */; };
		C798FB44141ADF36007173B7 /* iTunesArtwork in Resources */ = {isa = PBXBuildFile; fileRef = C798FB3D141ADF36007173B7 /* iTunesArtwork */; };
		C798FB46141ADF36007173B7 /* Icon-Small.png in Resources */ = {isa = PBXBuildFile; fileRef = C798FB3F141ADF36007173B7 /* Icon-Small.png */; };
		C798FB47141ADF36007173B7 /* Icon-Small-50.png in Resources */ = {isa = PBXBuildFile; fileRef = C798FB40141ADF36007173B7 /* Icon-Small-50.png */; };
		C798FB48141ADF36007173B7 /* Icon-Small@2x.png in Resources */ = {isa = PBXBuildFile; fileRef = C798FB41141ADF36007173B7 /* Icon-Small@2x.png */; };
		C798FB4A141ADF62007173B7 /* Icon.png in Resources */ = {isa = PBXBuildFile; fileRef = C798FB49141ADF62007173B7 /* Icon.png */; };
		C798FB4C141ADF9A007173B7 /* Icon@2x.png in Resources */ = {isa = PBXBuildFile; fileRef = C798FB4B141ADF9A007173B7 /* Icon@2x.png */; };
		C7E6198016B7455E0011F001 /* Default-568h@2x.png in Resources */ = {isa = PBXBuildFile; fileRef = C7E6197F16B7455E0011F001 /* Default-568h@2x.png */; };
/* End PBXBuildFile section */

/* Begin PBXFileReference section */
		C798FB0F141AA1D9007173B7 /* DiffieHellman.app */ = {isa = PBXFileReference; explicitFileType = wrapper.application; includeInIndex = 0; path = DiffieHellman.app; sourceTree = BUILT_PRODUCTS_DIR; };
		C798FB13141AA1D9007173B7 /* UIKit.framework */ = {isa = PBXFileReference; lastKnownFileType = wrapper.framework; name = UIKit.framework; path = System/Library/Frameworks/UIKit.framework; sourceTree = SDKROOT; };
		C798FB15141AA1D9007173B7 /* Foundation.framework */ = {isa = PBXFileReference; lastKnownFileType = wrapper.framework; name = Foundation.framework; path = System/Library/Frameworks/Foundation.framework; sourceTree = SDKROOT; };
		C798FB17141AA1D9007173B7 /* CoreGraphics.framework */ = {isa = PBXFileReference; lastKnownFileType = wrapper.framework; name = CoreGraphics.framework; path = System/Library/Frameworks/CoreGraphics.framework; sourceTree = SDKROOT; };
		C798FB1B141AA1D9007173B7 /* DiffieHellman-Info.plist */ = {isa = PBXFileReference; lastKnownFileType = text.plist.xml; path = "DiffieHellman-Info.plist"; sourceTree = "<group>"; };
		C798FB1D141AA1D9007173B7 /* en */ = {isa = PBXFileReference; lastKnownFileType = text.plist.strings; name = en; path = en.lproj/InfoPlist.strings; sourceTree = "<group>"; };
		C798FB1F141AA1D9007173B7 /* main.m */ = {isa = PBXFileReference; lastKnownFileType = sourcecode.c.objc; path = main.m; sourceTree = "<group>"; };
		C798FB21141AA1D9007173B7 /* DiffieHellman-Prefix.pch */ = {isa = PBXFileReference; lastKnownFileType = sourcecode.c.h; path = "DiffieHellman-Prefix.pch"; sourceTree = "<group>"; };
		C798FB22141AA1D9007173B7 /* DiffieHellmanAppDelegate.h */ = {isa = PBXFileReference; lastKnownFileType = sourcecode.c.h; path = DiffieHellmanAppDelegate.h; sourceTree = "<group>"; };
		C798FB23141AA1D9007173B7 /* DiffieHellmanAppDelegate.m */ = {isa = PBXFileReference; lastKnownFileType = sourcecode.c.objc; path = DiffieHellmanAppDelegate.m; sourceTree = "<group>"; };
		C798FB26141AA1D9007173B7 /* en */ = {isa = PBXFileReference; lastKnownFileType = file.xib; name = en; path = en.lproj/MainWindow.xib; sourceTree = "<group>"; };
		C798FB28141AA1D9007173B7 /* MainViewController.h */ = {isa = PBXFileReference; lastKnownFileType = sourcecode.c.h; path = MainViewController.h; sourceTree = "<group>"; };
		C798FB29141AA1D9007173B7 /* MainViewController.m */ = {isa = PBXFileReference; lastKnownFileType = sourcecode.c.objc; path = MainViewController.m; sourceTree = "<group>"; };
		C798FB2B141AA1D9007173B7 /* MainView.xib */ = {isa = PBXFileReference; lastKnownFileType = file.xib; path = MainView.xib; sourceTree = "<group>"; };
		C798FB2D141AA1D9007173B7 /* FlipsideViewController.h */ = {isa = PBXFileReference; lastKnownFileType = sourcecode.c.h; path = FlipsideViewController.h; sourceTree = "<group>"; };
		C798FB2E141AA1D9007173B7 /* FlipsideViewController.m */ = {isa = PBXFileReference; lastKnownFileType = sourcecode.c.objc; path = FlipsideViewController.m; sourceTree = "<group>"; };
		C798FB30141AA1D9007173B7 /* FlipsideView.xib */ = {isa = PBXFileReference; lastKnownFileType = file.xib; path = FlipsideView.xib; sourceTree = "<group>"; };
		C798FB37141AA874007173B7 /* fribblesoftlogo.png */ = {isa = PBXFileReference; lastKnownFileType = image.png; path = fribblesoftlogo.png; sourceTree = "<group>"; };
		C798FB39141AC337007173B7 /* refresh.png */ = {isa = PBXFileReference; lastKnownFileType = image.png; path = refresh.png; sourceTree = "<group>"; };
		C798FB3C141ADF35007173B7 /* Icon-72.png */ = {isa = PBXFileReference; lastKnownFileType = image.png; name = "Icon-72.png"; path = "DiffieHellman/Icon-72.png"; sourceTree = "<group>"; };
		C798FB3D141ADF36007173B7 /* iTunesArtwork */ = {isa = PBXFileReference; lastKnownFileType = file; name = iTunesArtwork; path = DiffieHellman/iTunesArtwork; sourceTree = "<group>"; };
		C798FB3F141ADF36007173B7 /* Icon-Small.png */ = {isa = PBXFileReference; lastKnownFileType = image.png; name = "Icon-Small.png"; path = "DiffieHellman/Icon-Small.png"; sourceTree = "<group>"; };
		C798FB40141ADF36007173B7 /* Icon-Small-50.png */ = {isa = PBXFileReference; lastKnownFileType = image.png; name = "Icon-Small-50.png"; path = "DiffieHellman/Icon-Small-50.png"; sourceTree = "<group>"; };
		C798FB41141ADF36007173B7 /* Icon-Small@2x.png */ = {isa = PBXFileReference; lastKnownFileType = image.png; name = "Icon-Small@2x.png"; path = "DiffieHellman/Icon-Small@2x.png"; sourceTree = "<group>"; };
		C798FB49141ADF62007173B7 /* Icon.png */ = {isa = PBXFileReference; lastKnownFileType = image.png; path = Icon.png; sourceTree = "<group>"; };
		C798FB4B141ADF9A007173B7 /* Icon@2x.png */ = {isa = PBXFileReference; lastKnownFileType = image.png; path = "Icon@2x.png"; sourceTree = "<group>"; };
		C7E6197F16B7455E0011F001 /* Default-568h@2x.png */ = {isa = PBXFileReference; lastKnownFileType = image.png; path = "Default-568h@2x.png"; sourceTree = "<group>"; };
/* End PBXFileReference section */

/* Begin PBXFrameworksBuildPhase section */
		C798FB0C141AA1D9007173B7 /* Frameworks */ = {
			isa = PBXFrameworksBuildPhase;
			buildActionMask = 2147483647;
			files = (
				C798FB14141AA1D9007173B7 /* UIKit.framework in Frameworks */,
				C798FB16141AA1D9007173B7 /* Foundation.framework in Frameworks */,
				C798FB18141AA1D9007173B7 /* CoreGraphics.framework in Frameworks */,
			);
			runOnlyForDeploymentPostprocessing = 0;
		};
/* End PBXFrameworksBuildPhase section */

/* Begin PBXGroup section */
		C798FB04141AA1D9007173B7 = {
			isa = PBXGroup;
			children = (
				C7E6197F16B7455E0011F001 /* Default-568h@2x.png */,
				C798FB4B141ADF9A007173B7 /* Icon@2x.png */,
				C798FB49141ADF62007173B7 /* Icon.png */,
				C798FB3C141ADF35007173B7 /* Icon-72.png */,
				C798FB3D141ADF36007173B7 /* iTunesArtwork */,
				C798FB3F141ADF36007173B7 /* Icon-Small.png */,
				C798FB40141ADF36007173B7 /* Icon-Small-50.png */,
				C798FB41141ADF36007173B7 /* Icon-Small@2x.png */,
				C798FB19141AA1D9007173B7 /* DiffieHellman */,
				C798FB12141AA1D9007173B7 /* Frameworks */,
				C798FB10141AA1D9007173B7 /* Products */,
			);
			sourceTree = "<group>";
		};
		C798FB10141AA1D9007173B7 /* Products */ = {
			isa = PBXGroup;
			children = (
				C798FB0F141AA1D9007173B7 /* DiffieHellman.app */,
			);
			name = Products;
			sourceTree = "<group>";
		};
		C798FB12141AA1D9007173B7 /* Frameworks */ = {
			isa = PBXGroup;
			children = (
				C798FB13141AA1D9007173B7 /* UIKit.framework */,
				C798FB15141AA1D9007173B7 /* Foundation.framework */,
				C798FB17141AA1D9007173B7 /* CoreGraphics.framework */,
			);
			name = Frameworks;
			sourceTree = "<group>";
		};
		C798FB19141AA1D9007173B7 /* DiffieHellman */ = {
			isa = PBXGroup;
			children = (
				C798FB37141AA874007173B7 /* fribblesoftlogo.png */,
				C798FB39141AC337007173B7 /* refresh.png */,
				C798FB22141AA1D9007173B7 /* DiffieHellmanAppDelegate.h */,
				C798FB23141AA1D9007173B7 /* DiffieHellmanAppDelegate.m */,
				C798FB25141AA1D9007173B7 /* MainWindow.xib */,
				C798FB28141AA1D9007173B7 /* MainViewController.h */,
				C798FB29141AA1D9007173B7 /* MainViewController.m */,
				C798FB2B141AA1D9007173B7 /* MainView.xib */,
				C798FB2D141AA1D9007173B7 /* FlipsideViewController.h */,
				C798FB2E141AA1D9007173B7 /* FlipsideViewController.m */,
				C798FB30141AA1D9007173B7 /* FlipsideView.xib */,
				C798FB1A141AA1D9007173B7 /* Supporting Files */,
			);
			path = DiffieHellman;
			sourceTree = "<group>";
		};
		C798FB1A141AA1D9007173B7 /* Supporting Files */ = {
			isa = PBXGroup;
			children = (
				C798FB1B141AA1D9007173B7 /* DiffieHellman-Info.plist */,
				C798FB1C141AA1D9007173B7 /* InfoPlist.strings */,
				C798FB1F141AA1D9007173B7 /* main.m */,
				C798FB21141AA1D9007173B7 /* DiffieHellman-Prefix.pch */,
			);
			name = "Supporting Files";
			sourceTree = "<group>";
		};
/* End PBXGroup section */

/* Begin PBXNativeTarget section */
		C798FB0E141AA1D9007173B7 /* DiffieHellman */ = {
			isa = PBXNativeTarget;
			buildConfigurationList = C798FB34141AA1D9007173B7 /* Build configuration list for PBXNativeTarget "DiffieHellman" */;
			buildPhases = (
				C798FB0B141AA1D9007173B7 /* Sources */,
				C798FB0C141AA1D9007173B7 /* Frameworks */,
				C798FB0D141AA1D9007173B7 /* Resources */,
			);
			buildRules = (
			);
			dependencies = (
			);
			name = DiffieHellman;
			productName = DiffieHellman;
			productReference = C798FB0F141AA1D9007173B7 /* DiffieHellman.app */;
			productType = "com.apple.product-type.application";
		};
/* End PBXNativeTarget section */

/* Begin PBXProject section */
		C798FB06141AA1D9007173B7 /* Project object */ = {
			isa = PBXProject;
			attributes = {
				LastUpgradeCheck = 0450;
				ORGANIZATIONNAME = BenjaminsBox;
			};
			buildConfigurationList = C798FB09141AA1D9007173B7 /* Build configuration list for PBXProject "DiffieHellman" */;
			compatibilityVersion = "Xcode 3.2";
			developmentRegion = English;
			hasScannedForEncodings = 0;
			knownRegions = (
				en,
			);
			mainGroup = C798FB04141AA1D9007173B7;
			productRefGroup = C798FB10141AA1D9007173B7 /* Products */;
			projectDirPath = "";
			projectRoot = "";
			targets = (
				C798FB0E141AA1D9007173B7 /* DiffieHellman */,
			);
		};
/* End PBXProject section */

/* Begin PBXResourcesBuildPhase section */
		C798FB0D141AA1D9007173B7 /* Resources */ = {
			isa = PBXResourcesBuildPhase;
			buildActionMask = 2147483647;
			files = (
				C798FB1E141AA1D9007173B7 /* InfoPlist.strings in Resources */,
				C798FB27141AA1D9007173B7 /* MainWindow.xib in Resources */,
				C798FB2C141AA1D9007173B7 /* MainView.xib in Resources */,
				C798FB31141AA1D9007173B7 /* FlipsideView.xib in Resources */,
				C798FB38141AA874007173B7 /* fribblesoftlogo.png in Resources */,
				C798FB3A141AC337007173B7 /* refresh.png in Resources */,
				C798FB43141ADF36007173B7 /* Icon-72.png in Resources */,
				C798FB44141ADF36007173B7 /* iTunesArtwork in Resources */,
				C798FB46141ADF36007173B7 /* Icon-Small.png in Resources */,
				C798FB47141ADF36007173B7 /* Icon-Small-50.png in Resources */,
				C798FB48141ADF36007173B7 /* Icon-Small@2x.png in Resources */,
				C798FB4A141ADF62007173B7 /* Icon.png in Resources */,
				C798FB4C141ADF9A007173B7 /* Icon@2x.png in Resources */,
				C7E6198016B7455E0011F001 /* Default-568h@2x.png in Resources */,
			);
			runOnlyForDeploymentPostprocessing = 0;
		};
/* End PBXResourcesBuildPhase section */

/* Begin PBXSourcesBuildPhase section */
		C798FB0B141AA1D9007173B7 /* Sources */ = {
			isa = PBXSourcesBuildPhase;
			buildActionMask = 2147483647;
			files = (
				C798FB20141AA1D9007173B7 /* main.m in Sources */,
				C798FB24141AA1D9007173B7 /* DiffieHellmanAppDelegate.m in Sources */,
				C798FB2A141AA1D9007173B7 /* MainViewController.m in Sources */,
				C798FB2F141AA1D9007173B7 /* FlipsideViewController.m in Sources */,
			);
			runOnlyForDeploymentPostprocessing = 0;
		};
/* End PBXSourcesBuildPhase section */

/* Begin PBXVariantGroup section */
		C798FB1C141AA1D9007173B7 /* InfoPlist.strings */ = {
			isa = PBXVariantGroup;
			children = (
				C798FB1D141AA1D9007173B7 /* en */,
			);
			name = InfoPlist.strings;
			sourceTree = "<group>";
		};
		C798FB25141AA1D9007173B7 /* MainWindow.xib */ = {
			isa = PBXVariantGroup;
			children = (
				C798FB26141AA1D9007173B7 /* en */,
			);
			name = MainWindow.xib;
			sourceTree = "<group>";
		};
/* End PBXVariantGroup section */

/* Begin XCBuildConfiguration section */
		C798FB32141AA1D9007173B7 /* Debug */ = {
			isa = XCBuildConfiguration;
			buildSettings = {
				ALWAYS_SEARCH_USER_PATHS = NO;
				ARCHS = "$(ARCHS_STANDARD_32_BIT)";
				"CODE_SIGN_IDENTITY[sdk=iphoneos*]" = "iPhone Developer";
				COPY_PHASE_STRIP = NO;
				GCC_C_LANGUAGE_STANDARD = gnu99;
				GCC_DYNAMIC_NO_PIC = NO;
				GCC_OPTIMIZATION_LEVEL = 0;
				GCC_PREPROCESSOR_DEFINITIONS = (
					"DEBUG=1",
					"$(inherited)",
				);
				GCC_SYMBOLS_PRIVATE_EXTERN = NO;
				GCC_VERSION = com.apple.compilers.llvmgcc42;
				GCC_WARN_ABOUT_MISSING_PROTOTYPES = YES;
				GCC_WARN_ABOUT_RETURN_TYPE = YES;
				GCC_WARN_UNUSED_VARIABLE = YES;
				IPHONEOS_DEPLOYMENT_TARGET = 4.3;
				SDKROOT = iphoneos;
			};
			name = Debug;
		};
		C798FB33141AA1D9007173B7 /* Release */ = {
			isa = XCBuildConfiguration;
			buildSettings = {
				ALWAYS_SEARCH_USER_PATHS = NO;
				ARCHS = "$(ARCHS_STANDARD_32_BIT)";
				"CODE_SIGN_IDENTITY[sdk=iphoneos*]" = "iPhone Developer";
				COPY_PHASE_STRIP = YES;
				GCC_C_LANGUAGE_STANDARD = gnu99;
				GCC_VERSION = com.apple.compilers.llvmgcc42;
				GCC_WARN_ABOUT_MISSING_PROTOTYPES = YES;
				GCC_WARN_ABOUT_RETURN_TYPE = YES;
				GCC_WARN_UNUSED_VARIABLE = YES;
				IPHONEOS_DEPLOYMENT_TARGET = 4.3;
				OTHER_CFLAGS = "-DNS_BLOCK_ASSERTIONS=1";
				SDKROOT = iphoneos;
				VALIDATE_PRODUCT = YES;
			};
			name = Release;
		};
		C798FB35141AA1D9007173B7 /* Debug */ = {
			isa = XCBuildConfiguration;
			buildSettings = {
				"CODE_SIGN_IDENTITY[sdk=iphoneos*]" = "iPhone Distribution: Ben Holland";
				GCC_PRECOMPILE_PREFIX_HEADER = YES;
				GCC_PREFIX_HEADER = "DiffieHellman/DiffieHellman-Prefix.pch";
				GCC_VERSION = com.apple.compilers.llvm.clang.1_0;
				INFOPLIST_FILE = "DiffieHellman/DiffieHellman-Info.plist";
				IPHONEOS_DEPLOYMENT_TARGET = 3.0;
				PRODUCT_NAME = "$(TARGET_NAME)";
				"PROVISIONING_PROFILE[sdk=iphoneos*]" = "96EDCA48-CC4B-4F2C-952D-4E5F6A10734A";
				WRAPPER_EXTENSION = app;
			};
			name = Debug;
		};
		C798FB36141AA1D9007173B7 /* Release */ = {
			isa = XCBuildConfiguration;
			buildSettings = {
				"CODE_SIGN_IDENTITY[sdk=iphoneos*]" = "iPhone Distribution: Ben Holland";
				GCC_PRECOMPILE_PREFIX_HEADER = YES;
				GCC_PREFIX_HEADER = "DiffieHellman/DiffieHellman-Prefix.pch";
				GCC_VERSION = com.apple.compilers.llvm.clang.1_0;
				INFOPLIST_FILE = "DiffieHellman/DiffieHellman-Info.plist";
				IPHONEOS_DEPLOYMENT_TARGET = 3.0;
				PRODUCT_NAME = "$(TARGET_NAME)";
				"PROVISIONING_PROFILE[sdk=iphoneos*]" = "96EDCA48-CC4B-4F2C-952D-4E5F6A10734A";
				WRAPPER_EXTENSION = app;
			};
			name = Release;
		};
/* End XCBuildConfiguration section */

/* Begin XCConfigurationList section */
		C798FB09141AA1D9007173B7 /* Build configuration list for PBXProject "DiffieHellman" */ = {
			isa = XCConfigurationList;
			buildConfigurations = (
				C798FB32141AA1D9007173B7 /* Debug */,
				C798FB33141AA1D9007173B7 /* Release */,
			);
			defaultConfigurationIsVisible = 0;
			defaultConfigurationName = Release;
		};
		C798FB34141AA1D9007173B7 /* Build configuration list for PBXNativeTarget "DiffieHellman" */ = {
			isa = XCConfigurationList;
			buildConfigurations = (
				C798FB35141AA1D9007173B7 /* Debug */,
				C798FB36141AA1D9007173B7 /* Release */,
			);
			defaultConfigurationIsVisible = 0;
			defaultConfigurationName = Release;
		};
/* End XCConfigurationList section */
	};
	rootObject = C798FB06141AA1D9007173B7 /* Project object */;
}
